<?xml version="1.0" encoding="utf-8"?>
<Project ToolsVersion="4.0" xmlns="http://schemas.microsoft.com/developer/msbuild/2003">
  <ItemGroup>
    <Filter Include="Source Files">
      <UniqueIdentifier>{4FC737F1-C7A5-4376-A066-2A32D752A2FF}</UniqueIdentifier>
      <Extensions>cpp;c;cc;cxx;c++;cppm;ixx;def;odl;idl;hpj;bat;asm;asmx</Extensions>
    </Filter>
    <Filter Include="Header Files">
      <UniqueIdentifier>{93995380-89BD-4b04-88EB-625FBE52EBFB}</UniqueIdentifier>
      <Extensions>h;hh;hpp;hxx;h++;hm;inl;inc;ipp;xsd</Extensions>
    </Filter>
    <Filter Include="Resource Files">
      <UniqueIdentifier>{67DA6AB6-F800-4c08-8B7A-83BB121AAD01}</UniqueIdentifier>
      <Extensions>rc;ico;cur;bmp;dlg;rc2;rct;bin;rgs;gif;jpg;jpeg;jpe;resx;tiff;tif;png;wav;mfcribbon-ms</Extensions>
    </Filter>
  </ItemGroup>
  <ItemGroup>
    <ClCompile Include="jogador.cpp">
      <Filter>Source Files</Filter>
    </ClCompile>
    <ClCompile Include="inimigo.cpp">
      <Filter>Source Files</Filter>
    </ClCompile>
    <ClCompile Include="projetil.cpp">
      <Filter>Source Files</Filter>
    </ClCompile>
    <ClCompile Include="ente.cpp">
      <Filter>Source Files</Filter>
    </ClCompile>
    <ClCompile Include="entidade.cpp">
      <Filter>Source Files</Filter>
    </ClCompile>
    <ClCompile Include="personagem.cpp">
      <Filter>Source Files</Filter>
    </ClCompile>
    <ClCompile Include="aranha.cpp">
      <Filter>Source Files</Filter>
    </ClCompile>
    <ClCompile Include="lancador.cpp">
      <Filter>Source Files</Filter>
    </ClCompile>
    <ClCompile Include="chefao.cpp">
      <Filter>Source Files</Filter>
    </ClCompile>
    <ClCompile Include="obstaculo.cpp">
      <Filter>Source Files</Filter>
    </ClCompile>
    <ClCompile Include="gerenciador_grafico.cpp">
      <Filter>Source Files</Filter>
    </ClCompile>
    <ClCompile Include="gerenciador_colisoes.cpp">
      <Filter>Source Files</Filter>
    </ClCompile>
    <ClCompile Include="plataforma.cpp">
      <Filter>Source Files</Filter>
    </ClCompile>
    <ClCompile Include="agua.cpp">
      <Filter>Source Files</Filter>
    </ClCompile>
    <ClCompile Include="obst_dificil.cpp">
      <Filter>Source Files</Filter>
    </ClCompile>
    <ClCompile Include="fase.cpp">
      <Filter>Source Files</Filter>
    </ClCompile>
    <ClCompile Include="lista_entidades.cpp">
      <Filter>Source Files</Filter>
    </ClCompile>
    <ClCompile Include="primeira_fase.cpp">
      <Filter>Source Files</Filter>
    </ClCompile>
    <ClCompile Include="jogo.cpp">
      <Filter>Source Files</Filter>
    </ClCompile>
    <ClCompile Include="menu.cpp">
      <Filter>Source Files</Filter>
    </ClCompile>
    <ClCompile Include="main.cpp">
      <Filter>Source Files</Filter>
    </ClCompile>
  </ItemGroup>
  <ItemGroup>
    <ClInclude Include="jogador.h">
      <Filter>Header Files</Filter>
    </ClInclude>
    <ClInclude Include="entidade.h">
      <Filter>Header Files</Filter>
    </ClInclude>
    <ClInclude Include="inimigo.h">
      <Filter>Header Files</Filter>
    </ClInclude>
    <ClInclude Include="projetil.h">
      <Filter>Header Files</Filter>
    </ClInclude>
    <ClInclude Include="ente.h">
      <Filter>Header Files</Filter>
    </ClInclude>
    <ClInclude Include="personagem.h">
      <Filter>Header Files</Filter>
    </ClInclude>
    <ClInclude Include="aranha.h">
      <Filter>Header Files</Filter>
    </ClInclude>
    <ClInclude Include="lancador.h">
      <Filter>Header Files</Filter>
    </ClInclude>
    <ClInclude Include="chefao.h">
      <Filter>Header Files</Filter>
    </ClInclude>
    <ClInclude Include="obstaculo.h">
      <Filter>Header Files</Filter>
    </ClInclude>
    <ClInclude Include="gerenciador_grafico.h">
      <Filter>Header Files</Filter>
    </ClInclude>
    <ClInclude Include="gerenciador_colisoes.h">
      <Filter>Header Files</Filter>
    </ClInclude>
    <ClInclude Include="plataforma.h">
      <Filter>Header Files</Filter>
    </ClInclude>
    <ClInclude Include="agua.h">
      <Filter>Header Files</Filter>
    </ClInclude>
    <ClInclude Include="obst_dificil.h">
      <Filter>Header Files</Filter>
    </ClInclude>
    <ClInclude Include="fase.h">
      <Filter>Header Files</Filter>
    </ClInclude>
    <ClInclude Include="elemento.h">
      <Filter>Header Files</Filter>
    </ClInclude>
    <ClInclude Include="lista.h">
      <Filter>Header Files</Filter>
    </ClInclude>
    <ClInclude Include="lista_entidades.h">
      <Filter>Header Files</Filter>
    </ClInclude>
    <ClInclude Include="primeira_fase.h">
      <Filter>Header Files</Filter>
    </ClInclude>
    <ClInclude Include="menu.h">
      <Filter>Header Files</Filter>
    </ClInclude>
    <ClInclude Include="jogo.h">
      <Filter>Header Files</Filter>
    </ClInclude>
  </ItemGroup>
</Project>